
Microsoft Visual Studio Solution File, Format Version 12.00
# Visual Studio 2012
Project("{FAE04EC0-301F-11D3-BF4B-00C04F79EFBC}") = "FrogCroak", "FrogCroak\FrogCroak.csproj", "{2874CF38-24CA-4DFE-91D8-E2493A882DB5}"
EndProject
Global
	GlobalSection(SolutionConfigurationPlatforms) = preSolution
		Debug|iPhoneSimulator = Debug|iPhoneSimulator
		Release|iPhone = Release|iPhone
		Release|iPhoneSimulator = Release|iPhoneSimulator
		Debug|iPhone = Debug|iPhone
	EndGlobalSection
	GlobalSection(ProjectConfigurationPlatforms) = postSolution
		{2874CF38-24CA-4DFE-91D8-E2493A882DB5}.Debug|iPhoneSimulator.ActiveCfg = Debug|iPhoneSimulator
		{2874CF38-24CA-4DFE-91D8-E2493A882DB5}.Debug|iPhoneSimulator.Build.0 = Debug|iPhoneSimulator
		{2874CF38-24CA-4DFE-91D8-E2493A882DB5}.Release|iPhone.ActiveCfg = Release|iPhone
		{2874CF38-24CA-4DFE-91D8-E2493A882DB5}.Release|iPhone.Build.0 = Release|iPhone
		{2874CF38-24CA-4DFE-91D8-E2493A882DB5}.Release|iPhoneSimulator.ActiveCfg = Release|iPhoneSimulator
		{2874CF38-24CA-4DFE-91D8-E2493A882DB5}.Release|iPhoneSimulator.Build.0 = Release|iPhoneSimulator
		{2874CF38-24CA-4DFE-91D8-E2493A882DB5}.Debug|iPhone.ActiveCfg = Debug|iPhone
		{2874CF38-24CA-4DFE-91D8-E2493A882DB5}.Debug|iPhone.Build.0 = Debug|iPhone
	EndGlobalSection
EndGlobal
